
Microsoft Visual Studio Solution File, Format Version 12.00
# Visual Studio 2012
Project("{8BC9CEB8-8B4A-11D0-8D11-00A0C91BC942}") = "asdffe", "asdffe\asdffe.vcxproj", "{32560F1C-2583-4FBF-B23F-8C90B0F09164}"
EndProject
Global
	GlobalSection(SolutionConfigurationPlatforms) = preSolution
		Debug|Win32 = Debug|Win32
		Release|Win32 = Release|Win32
	EndGlobalSection
	GlobalSection(ProjectConfigurationPlatforms) = postSolution
		{32560F1C-2583-4FBF-B23F-8C90B0F09164}.Debug|Win32.ActiveCfg = Debug|Win32
		{32560F1C-2583-4FBF-B23F-8C90B0F09164}.Debug|Win32.Build.0 = Debug|Win32
		{32560F1C-2583-4FBF-B23F-8C90B0F09164}.Release|Win32.ActiveCfg = Release|Win32
		{32560F1C-2583-4FBF-B23F-8C90B0F09164}.Release|Win32.Build.0 = Release|Win32
	EndGlobalSection
	GlobalSection(SolutionProperties) = preSolution
		HideSolutionNode = FALSE
	EndGlobalSection
EndGlobal
