
Microsoft Visual Studio Solution File, Format Version 12.00
# Visual Studio 2012
Project("{8BC9CEB8-8B4A-11D0-8D11-00A0C91BC942}") = "数组的排序", "数组的排序\数组的排序.vcxproj", "{01AF8A7C-E06C-44A4-A649-50B37DB62834}"
EndProject
Global
	GlobalSection(SolutionConfigurationPlatforms) = preSolution
		Debug|Win32 = Debug|Win32
		Release|Win32 = Release|Win32
	EndGlobalSection
	GlobalSection(ProjectConfigurationPlatforms) = postSolution
		{01AF8A7C-E06C-44A4-A649-50B37DB62834}.Debug|Win32.ActiveCfg = Debug|Win32
		{01AF8A7C-E06C-44A4-A649-50B37DB62834}.Debug|Win32.Build.0 = Debug|Win32
		{01AF8A7C-E06C-44A4-A649-50B37DB62834}.Release|Win32.ActiveCfg = Release|Win32
		{01AF8A7C-E06C-44A4-A649-50B37DB62834}.Release|Win32.Build.0 = Release|Win32
	EndGlobalSection
	GlobalSection(SolutionProperties) = preSolution
		HideSolutionNode = FALSE
	EndGlobalSection
EndGlobal
