
Microsoft Visual Studio Solution File, Format Version 10.00
# Visual C++ Express 2008
Project("{8BC9CEB8-8B4A-11D0-8D11-00A0C91BC942}") = "上课6", "上课6\上课6.vcproj", "{3415AE3A-DE2A-446A-8822-FD8FF0A2EDEE}"
EndProject
Global
	GlobalSection(SolutionConfigurationPlatforms) = preSolution
		Debug|Win32 = Debug|Win32
		Release|Win32 = Release|Win32
	EndGlobalSection
	GlobalSection(ProjectConfigurationPlatforms) = postSolution
		{3415AE3A-DE2A-446A-8822-FD8FF0A2EDEE}.Debug|Win32.ActiveCfg = Debug|Win32
		{3415AE3A-DE2A-446A-8822-FD8FF0A2EDEE}.Debug|Win32.Build.0 = Debug|Win32
		{3415AE3A-DE2A-446A-8822-FD8FF0A2EDEE}.Release|Win32.ActiveCfg = Release|Win32
		{3415AE3A-DE2A-446A-8822-FD8FF0A2EDEE}.Release|Win32.Build.0 = Release|Win32
	EndGlobalSection
	GlobalSection(SolutionProperties) = preSolution
		HideSolutionNode = FALSE
	EndGlobalSection
EndGlobal
