
Microsoft Visual Studio Solution File, Format Version 10.00
# Visual C++ Express 2008
Project("{8BC9CEB8-8B4A-11D0-8D11-00A0C91BC942}") = "树2", "树2\树2.vcproj", "{6FB46432-5F54-497F-9988-EA5064959C60}"
EndProject
Global
	GlobalSection(SolutionConfigurationPlatforms) = preSolution
		Debug|Win32 = Debug|Win32
		Release|Win32 = Release|Win32
	EndGlobalSection
	GlobalSection(ProjectConfigurationPlatforms) = postSolution
		{6FB46432-5F54-497F-9988-EA5064959C60}.Debug|Win32.ActiveCfg = Debug|Win32
		{6FB46432-5F54-497F-9988-EA5064959C60}.Debug|Win32.Build.0 = Debug|Win32
		{6FB46432-5F54-497F-9988-EA5064959C60}.Release|Win32.ActiveCfg = Release|Win32
		{6FB46432-5F54-497F-9988-EA5064959C60}.Release|Win32.Build.0 = Release|Win32
	EndGlobalSection
	GlobalSection(SolutionProperties) = preSolution
		HideSolutionNode = FALSE
	EndGlobalSection
EndGlobal
