
Microsoft Visual Studio Solution File, Format Version 10.00
# Visual C++ Express 2008
Project("{8BC9CEB8-8B4A-11D0-8D11-00A0C91BC942}") = "上课", "上课\上课.vcproj", "{A36AD851-6E34-4890-BA5F-187010D76EC4}"
EndProject
Global
	GlobalSection(SolutionConfigurationPlatforms) = preSolution
		Debug|Win32 = Debug|Win32
		Release|Win32 = Release|Win32
	EndGlobalSection
	GlobalSection(ProjectConfigurationPlatforms) = postSolution
		{A36AD851-6E34-4890-BA5F-187010D76EC4}.Debug|Win32.ActiveCfg = Debug|Win32
		{A36AD851-6E34-4890-BA5F-187010D76EC4}.Debug|Win32.Build.0 = Debug|Win32
		{A36AD851-6E34-4890-BA5F-187010D76EC4}.Release|Win32.ActiveCfg = Release|Win32
		{A36AD851-6E34-4890-BA5F-187010D76EC4}.Release|Win32.Build.0 = Release|Win32
	EndGlobalSection
	GlobalSection(SolutionProperties) = preSolution
		HideSolutionNode = FALSE
	EndGlobalSection
EndGlobal
