
Microsoft Visual Studio Solution File, Format Version 10.00
# Visual C++ Express 2008
Project("{8BC9CEB8-8B4A-11D0-8D11-00A0C91BC942}") = "约瑟夫环", "约瑟夫环\约瑟夫环.vcproj", "{DFF75D47-BDA4-4A0F-9FC4-2F79FDBBDCA7}"
EndProject
Global
	GlobalSection(SolutionConfigurationPlatforms) = preSolution
		Debug|Win32 = Debug|Win32
		Release|Win32 = Release|Win32
	EndGlobalSection
	GlobalSection(ProjectConfigurationPlatforms) = postSolution
		{DFF75D47-BDA4-4A0F-9FC4-2F79FDBBDCA7}.Debug|Win32.ActiveCfg = Debug|Win32
		{DFF75D47-BDA4-4A0F-9FC4-2F79FDBBDCA7}.Debug|Win32.Build.0 = Debug|Win32
		{DFF75D47-BDA4-4A0F-9FC4-2F79FDBBDCA7}.Release|Win32.ActiveCfg = Release|Win32
		{DFF75D47-BDA4-4A0F-9FC4-2F79FDBBDCA7}.Release|Win32.Build.0 = Release|Win32
	EndGlobalSection
	GlobalSection(SolutionProperties) = preSolution
		HideSolutionNode = FALSE
	EndGlobalSection
EndGlobal
