
Microsoft Visual Studio Solution File, Format Version 10.00
# Visual C++ Express 2008
Project("{8BC9CEB8-8B4A-11D0-8D11-00A0C91BC942}") = "上课2", "上课2\上课2.vcproj", "{4DC01121-EEED-49BA-80A2-4BE03172307A}"
EndProject
Global
	GlobalSection(SolutionConfigurationPlatforms) = preSolution
		Debug|Win32 = Debug|Win32
		Release|Win32 = Release|Win32
	EndGlobalSection
	GlobalSection(ProjectConfigurationPlatforms) = postSolution
		{4DC01121-EEED-49BA-80A2-4BE03172307A}.Debug|Win32.ActiveCfg = Debug|Win32
		{4DC01121-EEED-49BA-80A2-4BE03172307A}.Debug|Win32.Build.0 = Debug|Win32
		{4DC01121-EEED-49BA-80A2-4BE03172307A}.Release|Win32.ActiveCfg = Release|Win32
		{4DC01121-EEED-49BA-80A2-4BE03172307A}.Release|Win32.Build.0 = Release|Win32
	EndGlobalSection
	GlobalSection(SolutionProperties) = preSolution
		HideSolutionNode = FALSE
	EndGlobalSection
EndGlobal
