
Microsoft Visual Studio Solution File, Format Version 12.00
# Visual Studio 2012
Project("{8BC9CEB8-8B4A-11D0-8D11-00A0C91BC942}") = "hong", "hong\hong.vcxproj", "{65F7A753-8F16-4029-BF04-69F4DA07B538}"
EndProject
Global
	GlobalSection(SolutionConfigurationPlatforms) = preSolution
		Debug|Win32 = Debug|Win32
		Release|Win32 = Release|Win32
	EndGlobalSection
	GlobalSection(ProjectConfigurationPlatforms) = postSolution
		{65F7A753-8F16-4029-BF04-69F4DA07B538}.Debug|Win32.ActiveCfg = Debug|Win32
		{65F7A753-8F16-4029-BF04-69F4DA07B538}.Debug|Win32.Build.0 = Debug|Win32
		{65F7A753-8F16-4029-BF04-69F4DA07B538}.Release|Win32.ActiveCfg = Release|Win32
		{65F7A753-8F16-4029-BF04-69F4DA07B538}.Release|Win32.Build.0 = Release|Win32
	EndGlobalSection
	GlobalSection(SolutionProperties) = preSolution
		HideSolutionNode = FALSE
	EndGlobalSection
EndGlobal
