
Microsoft Visual Studio Solution File, Format Version 12.00
# Visual Studio 2012
Project("{8BC9CEB8-8B4A-11D0-8D11-00A0C91BC942}") = "运算符练习2", "运算符练习2\运算符练习2.vcxproj", "{6D06E0B3-CEB8-4355-AA7B-492E9F3FDCB0}"
EndProject
Global
	GlobalSection(SolutionConfigurationPlatforms) = preSolution
		Debug|Win32 = Debug|Win32
		Release|Win32 = Release|Win32
	EndGlobalSection
	GlobalSection(ProjectConfigurationPlatforms) = postSolution
		{6D06E0B3-CEB8-4355-AA7B-492E9F3FDCB0}.Debug|Win32.ActiveCfg = Debug|Win32
		{6D06E0B3-CEB8-4355-AA7B-492E9F3FDCB0}.Debug|Win32.Build.0 = Debug|Win32
		{6D06E0B3-CEB8-4355-AA7B-492E9F3FDCB0}.Release|Win32.ActiveCfg = Release|Win32
		{6D06E0B3-CEB8-4355-AA7B-492E9F3FDCB0}.Release|Win32.Build.0 = Release|Win32
	EndGlobalSection
	GlobalSection(SolutionProperties) = preSolution
		HideSolutionNode = FALSE
	EndGlobalSection
EndGlobal
