
Microsoft Visual Studio Solution File, Format Version 12.00
# Visual Studio 2012
Project("{8BC9CEB8-8B4A-11D0-8D11-00A0C91BC942}") = "dddd", "dddd\dddd.vcxproj", "{EA8DCAD5-291C-45D7-B853-BADC24EB857F}"
EndProject
Global
	GlobalSection(SolutionConfigurationPlatforms) = preSolution
		Debug|Win32 = Debug|Win32
		Release|Win32 = Release|Win32
	EndGlobalSection
	GlobalSection(ProjectConfigurationPlatforms) = postSolution
		{EA8DCAD5-291C-45D7-B853-BADC24EB857F}.Debug|Win32.ActiveCfg = Debug|Win32
		{EA8DCAD5-291C-45D7-B853-BADC24EB857F}.Debug|Win32.Build.0 = Debug|Win32
		{EA8DCAD5-291C-45D7-B853-BADC24EB857F}.Release|Win32.ActiveCfg = Release|Win32
		{EA8DCAD5-291C-45D7-B853-BADC24EB857F}.Release|Win32.Build.0 = Release|Win32
	EndGlobalSection
	GlobalSection(SolutionProperties) = preSolution
		HideSolutionNode = FALSE
	EndGlobalSection
EndGlobal
