
Microsoft Visual Studio Solution File, Format Version 10.00
# Visual C++ Express 2008
Project("{8BC9CEB8-8B4A-11D0-8D11-00A0C91BC942}") = "雪梨5.2", "雪梨5.2\雪梨5.2.vcproj", "{FD535330-9E31-434F-9F90-484AFF6CA97E}"
EndProject
Global
	GlobalSection(SolutionConfigurationPlatforms) = preSolution
		Debug|Win32 = Debug|Win32
		Release|Win32 = Release|Win32
	EndGlobalSection
	GlobalSection(ProjectConfigurationPlatforms) = postSolution
		{FD535330-9E31-434F-9F90-484AFF6CA97E}.Debug|Win32.ActiveCfg = Debug|Win32
		{FD535330-9E31-434F-9F90-484AFF6CA97E}.Debug|Win32.Build.0 = Debug|Win32
		{FD535330-9E31-434F-9F90-484AFF6CA97E}.Release|Win32.ActiveCfg = Release|Win32
		{FD535330-9E31-434F-9F90-484AFF6CA97E}.Release|Win32.Build.0 = Release|Win32
	EndGlobalSection
	GlobalSection(SolutionProperties) = preSolution
		HideSolutionNode = FALSE
	EndGlobalSection
EndGlobal
