
Microsoft Visual Studio Solution File, Format Version 10.00
# Visual C++ Express 2008
Project("{8BC9CEB8-8B4A-11D0-8D11-00A0C91BC942}") = "矩阵的逆转", "矩阵的逆转\矩阵的逆转.vcproj", "{E251368C-DFCA-468E-9B34-D6EBF65B63C3}"
EndProject
Global
	GlobalSection(SolutionConfigurationPlatforms) = preSolution
		Debug|Win32 = Debug|Win32
		Release|Win32 = Release|Win32
	EndGlobalSection
	GlobalSection(ProjectConfigurationPlatforms) = postSolution
		{E251368C-DFCA-468E-9B34-D6EBF65B63C3}.Debug|Win32.ActiveCfg = Debug|Win32
		{E251368C-DFCA-468E-9B34-D6EBF65B63C3}.Debug|Win32.Build.0 = Debug|Win32
		{E251368C-DFCA-468E-9B34-D6EBF65B63C3}.Release|Win32.ActiveCfg = Release|Win32
		{E251368C-DFCA-468E-9B34-D6EBF65B63C3}.Release|Win32.Build.0 = Release|Win32
	EndGlobalSection
	GlobalSection(SolutionProperties) = preSolution
		HideSolutionNode = FALSE
	EndGlobalSection
EndGlobal
